<?xml version="1.0" encoding="utf-8"?>
<Project ToolsVersion="4.0" xmlns="http://schemas.microsoft.com/developer/msbuild/2003">
  <ItemGroup>
    <Filter Include="Source Files">
      <UniqueIdentifier>{bf79a502-1ace-4452-bbc4-3018b2cf90c6}</UniqueIdentifier>
    </Filter>
    <Filter Include="Header Files">
      <UniqueIdentifier>{eac32407-5ebc-4287-8940-d1292b4b33e7}</UniqueIdentifier>
    </Filter>
  </ItemGroup>
  <ItemGroup>
    <ClCompile Include="..\src\ai_module.cpp">
      <Filter>Source Files</Filter>
    </ClCompile>
    <ClCompile Include="..\src\dijkstra.cpp">
      <Filter>Source Files</Filter>
    </ClCompile>
    <ClCompile Include="..\src\edge_learning.cpp">
      <Filter>Source Files</Filter>
    </ClCompile>
    <ClCompile Include="..\src\graph_state.cpp">
      <Filter>Source Files</Filter>
    </ClCompile>
    <ClCompile Include="..\src\learning_persistence.cpp">
      <Filter>Source Files</Filter>
    </ClCompile>
    <ClCompile Include="..\src\track_loader.cpp">
      <Filter>Source Files</Filter>
    </ClCompile>
  </ItemGroup>
  <ItemGroup>
    <ClInclude Include="..\src\ai_module.h">
      <Filter>Header Files</Filter>
    </ClInclude>
    <ClInclude Include="..\src\dijkstra.h">
      <Filter>Header Files</Filter>
    </ClInclude>
    <ClInclude Include="..\src\graph_state.h">
      <Filter>Header Files</Filter>
    </ClInclude>
    <ClInclude Include="..\src\parse_utils.h">
      <Filter>Header Files</Filter>
    </ClInclude>
    <ClInclude Include="..\src\picojson.h">
      <Filter>Header Files</Filter>
    </ClInclude>
  </ItemGroup>
</Project>
